{
    "hash": "bf34f1119a84621ecb9d3b4375c3fa4b",
    "packages": [
        {
            "package": "nharbour/pecs",
            "version": "dev-master",
            "source-reference": "10c8abb3f400a6f8814cfb7b81d47436842cd1e2",
            "commit-date": "1344767679"
        }
    ],
    "packages-dev": null,
    "aliases": [

    ],
    "minimum-stability": "dev",
    "stability-flags": {
        "nharbour/pecs": 20
    }
}
