{
    "hash": "35d20676aac0152aa6330068583feb83",
    "packages": [
        {
            "package": "noonat/pecs",
            "version": "dev-master",
            "source-reference": "0b911eebf01e5762d25dfe53bc85dcc60801e3ed",
            "commit-date": "1341932972"
        }
    ],
    "packages-dev": null,
    "aliases": [

    ],
    "minimum-stability": "stable",
    "stability-flags": {
        "noonat/pecs": 20
    }
}
